
Microsoft Visual Studio Solution File, Format Version 12.00
# Visual Studio Version 17
VisualStudioVersion = 17.9.34714.143
MinimumVisualStudioVersion = 10.0.40219.1
Project("{FAE04EC0-301F-11D3-BF4B-00C04F79EFBC}") = "ApiProject2", "ApiProject2\ApiProject2.csproj", "{77E3DBCF-E9B6-4ACD-8C66-B803F3683266}"
EndProject
Global
	GlobalSection(SolutionConfigurationPlatforms) = preSolution
		Debug|Any CPU = Debug|Any CPU
		Release|Any CPU = Release|Any CPU
	EndGlobalSection
	GlobalSection(ProjectConfigurationPlatforms) = postSolution
		{77E3DBCF-E9B6-4ACD-8C66-B803F3683266}.Debug|Any CPU.ActiveCfg = Debug|Any CPU
		{77E3DBCF-E9B6-4ACD-8C66-B803F3683266}.Debug|Any CPU.Build.0 = Debug|Any CPU
		{77E3DBCF-E9B6-4ACD-8C66-B803F3683266}.Release|Any CPU.ActiveCfg = Release|Any CPU
		{77E3DBCF-E9B6-4ACD-8C66-B803F3683266}.Release|Any CPU.Build.0 = Release|Any CPU
	EndGlobalSection
	GlobalSection(SolutionProperties) = preSolution
		HideSolutionNode = FALSE
	EndGlobalSection
	GlobalSection(ExtensibilityGlobals) = postSolution
		SolutionGuid = {E67825A3-9193-43C1-BCE9-B1A529C068BE}
	EndGlobalSection
EndGlobal
